
Microsoft Visual Studio Solution File, Format Version 12.00
# Visual Studio Version 17
VisualStudioVersion = 17.4.33213.308
MinimumVisualStudioVersion = 10.0.40219.1
Project("{FAE04EC0-301F-11D3-BF4B-00C04F79EFBC}") = "01_CaseManagementSystem", "01_CaseManagementSystem\01_CaseManagementSystem.csproj", "{D780819B-947B-474F-AB00-7A09F111B479}"
EndProject
Global
	GlobalSection(SolutionConfigurationPlatforms) = preSolution
		Debug|Any CPU = Debug|Any CPU
		Release|Any CPU = Release|Any CPU
	EndGlobalSection
	GlobalSection(ProjectConfigurationPlatforms) = postSolution
		{D780819B-947B-474F-AB00-7A09F111B479}.Debug|Any CPU.ActiveCfg = Debug|Any CPU
		{D780819B-947B-474F-AB00-7A09F111B479}.Debug|Any CPU.Build.0 = Debug|Any CPU
		{D780819B-947B-474F-AB00-7A09F111B479}.Release|Any CPU.ActiveCfg = Release|Any CPU
		{D780819B-947B-474F-AB00-7A09F111B479}.Release|Any CPU.Build.0 = Release|Any CPU
	EndGlobalSection
	GlobalSection(SolutionProperties) = preSolution
		HideSolutionNode = FALSE
	EndGlobalSection
	GlobalSection(ExtensibilityGlobals) = postSolution
		SolutionGuid = {01F63804-DB2C-4108-9D18-1A9E81CDF9D2}
	EndGlobalSection
EndGlobal
